{
  "version": 1,
  "dependencies": {
    "net9.0-windows7.0": {
      "DalamudPackager": {
        "type": "Direct",
        "requested": "[12.0.0, )",
        "resolved": "12.0.0",
        "contentHash": "J5TJLV3f16T/E2H2P17ClWjtfEBPpq3yxvqW46eN36JCm6wR+EaoaYkqG9Rm5sHqs3/nK/vKjWWyvEs/jhKoXw=="
      },
      "DotNet.ReproducibleBuilds": {
        "type": "Direct",
        "requested": "[1.2.25, )",
        "resolved": "1.2.25",
        "contentHash": "xCXiw7BCxHJ8pF6wPepRUddlh2dlQlbr81gXA72hdk4FLHkKXas7EH/n+fk5UCA/YfMqG1Z6XaPiUjDbUNBUzg=="
      },
      "SocketIOClient": {
        "type": "Direct",
        "requested": "[3.1.1, )",
        "resolved": "3.1.1",
        "contentHash": "g8Lauia1Cj5DBXeC9j6vDSJeQEboGmXsnduW06VOBMe+UgqCrenxszYXJg19rAjwO10XRWQorOuU1XNMfYo8Xg==",
        "dependencies": {
          "SocketIO.Serializer.Core": "3.1.1",
          "SocketIO.Serializer.SystemTextJson": "3.1.1",
          "System.Collections": "4.3.0"
        }
      },
      "Microsoft.NETCore.Platforms": {
        "type": "Transitive",
        "resolved": "1.1.0",
        "contentHash": "kz0PEW2lhqygehI/d6XsPCQzD7ff7gUJaVGPVETX611eadGsA3A877GdSlU0LRVMCTH/+P3o2iDTak+S08V2+A=="
      },
      "Microsoft.NETCore.Targets": {
        "type": "Transitive",
        "resolved": "1.1.0",
        "contentHash": "aOZA3BWfz9RXjpzt0sRJJMjAscAUm3Hoa4UWAfceV9UTYxgwZ1lZt5nO2myFf+/jetYQo4uTP7zS8sJY67BBxg=="
      },
      "SocketIO.Core": {
        "type": "Transitive",
        "resolved": "3.1.1",
        "contentHash": "L5GSyODDjlub5YdDxfsRtA9uxBNw1Hs/egEMhdOGFyD0c63VmvWQ1A4Gfc4GYKYInz1muP4C8QNblXErnUYDqA=="
      },
      "SocketIO.Serializer.Core": {
        "type": "Transitive",
        "resolved": "3.1.1",
        "contentHash": "aFanlt2GOGEy7GTGLyh8f8SwhtmQwoPOHTAYCQ0brjg05Nb3F38sk4hYogpII5imyZ7w0spqwNHwpl7FZ49HOA==",
        "dependencies": {
          "SocketIO.Core": "3.1.1"
        }
      },
      "SocketIO.Serializer.SystemTextJson": {
        "type": "Transitive",
        "resolved": "3.1.1",
        "contentHash": "1PKQ+hOAJ4l3ZXlrVgiB3uNY3kLhjzYjnxk/97V6npJrNmhq09Di2EQSpGweQMu6KPbOxjZ7eYVARkGTWIUsjg==",
        "dependencies": {
          "SocketIO.Core": "3.1.1",
          "SocketIO.Serializer.Core": "3.1.1",
          "System.Text.Json": "7.0.3"
        }
      },
      "System.Collections": {
        "type": "Transitive",
        "resolved": "4.3.0",
        "contentHash": "3Dcj85/TBdVpL5Zr+gEEBUuFe2icOnLalmEh9hfck1PTYbbyWuZgh4fmm2ysCLTrqLQw6t3TgTyJ+VLp+Qb+Lw==",
        "dependencies": {
          "Microsoft.NETCore.Platforms": "1.1.0",
          "Microsoft.NETCore.Targets": "1.1.0",
          "System.Runtime": "4.3.0"
        }
      },
      "System.Runtime": {
        "type": "Transitive",
        "resolved": "4.3.0",
        "contentHash": "JufQi0vPQ0xGnAczR13AUFglDyVYt4Kqnz1AZaiKZ5+GICq0/1MH/mO/eAJHt/mHW1zjKBJd7kV26SrxddAhiw==",
        "dependencies": {
          "Microsoft.NETCore.Platforms": "1.1.0",
          "Microsoft.NETCore.Targets": "1.1.0"
        }
      },
      "System.Text.Encodings.Web": {
        "type": "Transitive",
        "resolved": "7.0.0",
        "contentHash": "OP6umVGxc0Z0MvZQBVigj4/U31Pw72ITihDWP9WiWDm+q5aoe0GaJivsfYGq53o6dxH7DcXWiCTl7+0o2CGdmg=="
      },
      "System.Text.Json": {
        "type": "Transitive",
        "resolved": "7.0.3",
        "contentHash": "AyjhwXN1zTFeIibHimfJn6eAsZ7rTBib79JQpzg8WAuR/HKDu9JGNHTuu3nbbXQ/bgI+U4z6HtZmCHNXB1QXrQ==",
        "dependencies": {
          "System.Text.Encodings.Web": "7.0.0"
        }
      },
      "ecommons": {
        "type": "Project"
      }
    }
  }
}