{
  "version": 1,
  "dependencies": {
    "net10.0-windows7.0": {
      "DalamudPackager": {
        "type": "Direct",
        "requested": "[14.0.0, )",
        "resolved": "14.0.0",
        "contentHash": "9c1q/eAeAs82mkQWBOaCvbt3GIQxAIadz5b/7pCXDIy9nHPtnRc+tDXEvKR+M36Wvi7n+qBTevRupkLUQp6DFA=="
      },
      "DotNet.ReproducibleBuilds": {
        "type": "Direct",
        "requested": "[1.2.39, )",
        "resolved": "1.2.39",
        "contentHash": "fcFN01tDTIQqDuTwr1jUQK/geofiwjG5DycJQOnC72i1SsLAk1ELe+apBOuZ11UMQG8YKFZG1FgvjZPbqHyatg=="
      },
      "SocketIOClient": {
        "type": "Direct",
        "requested": "[3.1.1, )",
        "resolved": "3.1.1",
        "contentHash": "g8Lauia1Cj5DBXeC9j6vDSJeQEboGmXsnduW06VOBMe+UgqCrenxszYXJg19rAjwO10XRWQorOuU1XNMfYo8Xg==",
        "dependencies": {
          "SocketIO.Serializer.Core": "3.1.1",
          "SocketIO.Serializer.SystemTextJson": "3.1.1"
        }
      },
      "SocketIO.Core": {
        "type": "Transitive",
        "resolved": "3.1.1",
        "contentHash": "L5GSyODDjlub5YdDxfsRtA9uxBNw1Hs/egEMhdOGFyD0c63VmvWQ1A4Gfc4GYKYInz1muP4C8QNblXErnUYDqA=="
      },
      "SocketIO.Serializer.Core": {
        "type": "Transitive",
        "resolved": "3.1.1",
        "contentHash": "aFanlt2GOGEy7GTGLyh8f8SwhtmQwoPOHTAYCQ0brjg05Nb3F38sk4hYogpII5imyZ7w0spqwNHwpl7FZ49HOA==",
        "dependencies": {
          "SocketIO.Core": "3.1.1"
        }
      },
      "SocketIO.Serializer.SystemTextJson": {
        "type": "Transitive",
        "resolved": "3.1.1",
        "contentHash": "1PKQ+hOAJ4l3ZXlrVgiB3uNY3kLhjzYjnxk/97V6npJrNmhq09Di2EQSpGweQMu6KPbOxjZ7eYVARkGTWIUsjg==",
        "dependencies": {
          "SocketIO.Core": "3.1.1",
          "SocketIO.Serializer.Core": "3.1.1"
        }
      },
      "ecommons": {
        "type": "Project"
      }
    }
  }
}