{
  "version": 1,
  "dependencies": {
    "net10.0-windows7.0": {
      "DalamudPackager": {
        "type": "Direct",
        "requested": "[15.0.0, )",
        "resolved": "15.0.0",
        "contentHash": "411vwC8/X8Z/sQ2TI6v3SvOn66xFPeOjFn3Zn+h0d3Ox2t1kFm66AhDvmx/qcMwVrR+Hidxj0dadpQ2dgyXMBQ=="
      },
      "DotNet.ReproducibleBuilds": {
        "type": "Direct",
        "requested": "[1.2.39, )",
        "resolved": "1.2.39",
        "contentHash": "fcFN01tDTIQqDuTwr1jUQK/geofiwjG5DycJQOnC72i1SsLAk1ELe+apBOuZ11UMQG8YKFZG1FgvjZPbqHyatg=="
      },
      "ECommons.IPC": {
        "type": "Direct",
        "requested": "[1.0.0.19, )",
        "resolved": "1.0.0.19",
        "contentHash": "jOezZev8b97tcSLvkRg9RmERH1TucuM+huLe1WoldWQRbGSiq2WsZrts+R9DZBcmSxqftCUQGq0VIh/a5s0Xwg==",
        "dependencies": {
          "ECommons": "3.2.0.11"
        }
      },
      "SocketIOClient": {
        "type": "Direct",
        "requested": "[3.1.1, )",
        "resolved": "3.1.1",
        "contentHash": "g8Lauia1Cj5DBXeC9j6vDSJeQEboGmXsnduW06VOBMe+UgqCrenxszYXJg19rAjwO10XRWQorOuU1XNMfYo8Xg==",
        "dependencies": {
          "SocketIO.Serializer.Core": "3.1.1",
          "SocketIO.Serializer.SystemTextJson": "3.1.1"
        }
      },
      "SocketIO.Core": {
        "type": "Transitive",
        "resolved": "3.1.1",
        "contentHash": "L5GSyODDjlub5YdDxfsRtA9uxBNw1Hs/egEMhdOGFyD0c63VmvWQ1A4Gfc4GYKYInz1muP4C8QNblXErnUYDqA=="
      },
      "SocketIO.Serializer.Core": {
        "type": "Transitive",
        "resolved": "3.1.1",
        "contentHash": "aFanlt2GOGEy7GTGLyh8f8SwhtmQwoPOHTAYCQ0brjg05Nb3F38sk4hYogpII5imyZ7w0spqwNHwpl7FZ49HOA==",
        "dependencies": {
          "SocketIO.Core": "3.1.1"
        }
      },
      "SocketIO.Serializer.SystemTextJson": {
        "type": "Transitive",
        "resolved": "3.1.1",
        "contentHash": "1PKQ+hOAJ4l3ZXlrVgiB3uNY3kLhjzYjnxk/97V6npJrNmhq09Di2EQSpGweQMu6KPbOxjZ7eYVARkGTWIUsjg==",
        "dependencies": {
          "SocketIO.Core": "3.1.1",
          "SocketIO.Serializer.Core": "3.1.1"
        }
      },
      "ecommons": {
        "type": "Project"
      }
    }
  }
}